// !$*UTF8*$!
{
	archiveVersion = 1;
	classes = {
	};
	objectVersion = 46;
	objects = {

/* Begin PBXBuildFile section */
		7C86B2161B7789CA00EA7CE3 /* RxMoya.h in Headers */ = {isa = PBXBuildFile; fileRef = 7C86B2151B7789CA00EA7CE3 /* RxMoya.h */; settings = {ATTRIBUTES = (Public, ); }; };
		7C86B21C1B7789CA00EA7CE3 /* Moya.framework in Frameworks */ = {isa = PBXBuildFile; fileRef = 7C86B2101B7789CA00EA7CE3 /* Moya.framework */; };
		7C86B2231B7789CA00EA7CE3 /* RxMoyaTests.swift in Sources */ = {isa = PBXBuildFile; fileRef = 7C86B2221B7789CA00EA7CE3 /* RxMoyaTests.swift */; };
		7C86B2521B778CD200EA7CE3 /* Moya+RxSwift.swift in Sources */ = {isa = PBXBuildFile; fileRef = 7C86B2511B778CD100EA7CE3 /* Moya+RxSwift.swift */; };
		7C86B2581B778CE800EA7CE3 /* Endpoint.swift in Sources */ = {isa = PBXBuildFile; fileRef = 7C86B2551B778CE800EA7CE3 /* Endpoint.swift */; };
		7C86B2591B778CE800EA7CE3 /* Moya.swift in Sources */ = {isa = PBXBuildFile; fileRef = 7C86B2561B778CE800EA7CE3 /* Moya.swift */; };
		7C86B25A1B778CE800EA7CE3 /* MoyaResponse.swift in Sources */ = {isa = PBXBuildFile; fileRef = 7C86B2571B778CE800EA7CE3 /* MoyaResponse.swift */; };
		7C86B25D1B778DC800EA7CE3 /* Alamofire.framework in Frameworks */ = {isa = PBXBuildFile; fileRef = 7C86B25B1B778DC800EA7CE3 /* Alamofire.framework */; };
		7C86B25E1B778DC800EA7CE3 /* RxSwift.framework in Frameworks */ = {isa = PBXBuildFile; fileRef = 7C86B25C1B778DC800EA7CE3 /* RxSwift.framework */; };
/* End PBXBuildFile section */

/* Begin PBXContainerItemProxy section */
		7C86B21D1B7789CA00EA7CE3 /* PBXContainerItemProxy */ = {
			isa = PBXContainerItemProxy;
			containerPortal = 7C86B2071B7789CA00EA7CE3 /* Project object */;
			proxyType = 1;
			remoteGlobalIDString = 7C86B20F1B7789CA00EA7CE3;
			remoteInfo = RxMoya;
		};
/* End PBXContainerItemProxy section */

/* Begin PBXFileReference section */
		7C86B2101B7789CA00EA7CE3 /* Moya.framework */ = {isa = PBXFileReference; explicitFileType = wrapper.framework; includeInIndex = 0; path = Moya.framework; sourceTree = BUILT_PRODUCTS_DIR; };
		7C86B2141B7789CA00EA7CE3 /* Info.plist */ = {isa = PBXFileReference; lastKnownFileType = text.plist.xml; path = Info.plist; sourceTree = "<group>"; };
		7C86B2151B7789CA00EA7CE3 /* RxMoya.h */ = {isa = PBXFileReference; lastKnownFileType = sourcecode.c.h; path = RxMoya.h; sourceTree = "<group>"; };
		7C86B21B1B7789CA00EA7CE3 /* RxMoyaTests.xctest */ = {isa = PBXFileReference; explicitFileType = wrapper.cfbundle; includeInIndex = 0; path = RxMoyaTests.xctest; sourceTree = BUILT_PRODUCTS_DIR; };
		7C86B2211B7789CA00EA7CE3 /* Info.plist */ = {isa = PBXFileReference; lastKnownFileType = text.plist.xml; path = Info.plist; sourceTree = "<group>"; };
		7C86B2221B7789CA00EA7CE3 /* RxMoyaTests.swift */ = {isa = PBXFileReference; lastKnownFileType = sourcecode.swift; path = RxMoyaTests.swift; sourceTree = "<group>"; };
		7C86B2511B778CD100EA7CE3 /* Moya+RxSwift.swift */ = {isa = PBXFileReference; fileEncoding = 4; lastKnownFileType = sourcecode.swift; path = "Moya+RxSwift.swift"; sourceTree = "<group>"; };
		7C86B2551B778CE800EA7CE3 /* Endpoint.swift */ = {isa = PBXFileReference; fileEncoding = 4; lastKnownFileType = sourcecode.swift; name = Endpoint.swift; path = External/Moya/Moya/Endpoint.swift; sourceTree = SOURCE_ROOT; };
		7C86B2561B778CE800EA7CE3 /* Moya.swift */ = {isa = PBXFileReference; fileEncoding = 4; lastKnownFileType = sourcecode.swift; name = Moya.swift; path = External/Moya/Moya/Moya.swift; sourceTree = SOURCE_ROOT; };
		7C86B2571B778CE800EA7CE3 /* MoyaResponse.swift */ = {isa = PBXFileReference; fileEncoding = 4; lastKnownFileType = sourcecode.swift; name = MoyaResponse.swift; path = External/Moya/Moya/MoyaResponse.swift; sourceTree = SOURCE_ROOT; };
		7C86B25B1B778DC800EA7CE3 /* Alamofire.framework */ = {isa = PBXFileReference; lastKnownFileType = wrapper.framework; name = Alamofire.framework; path = Carthage/Build/iOS/Alamofire.framework; sourceTree = SOURCE_ROOT; };
		7C86B25C1B778DC800EA7CE3 /* RxSwift.framework */ = {isa = PBXFileReference; lastKnownFileType = wrapper.framework; name = RxSwift.framework; path = Carthage/Build/iOS/RxSwift.framework; sourceTree = SOURCE_ROOT; };
/* End PBXFileReference section */

/* Begin PBXFrameworksBuildPhase section */
		7C86B20C1B7789CA00EA7CE3 /* Frameworks */ = {
			isa = PBXFrameworksBuildPhase;
			buildActionMask = 2147483647;
			files = (
				7C86B25E1B778DC800EA7CE3 /* RxSwift.framework in Frameworks */,
				7C86B25D1B778DC800EA7CE3 /* Alamofire.framework in Frameworks */,
			);
			runOnlyForDeploymentPostprocessing = 0;
		};
		7C86B2181B7789CA00EA7CE3 /* Frameworks */ = {
			isa = PBXFrameworksBuildPhase;
			buildActionMask = 2147483647;
			files = (
				7C86B21C1B7789CA00EA7CE3 /* Moya.framework in Frameworks */,
			);
			runOnlyForDeploymentPostprocessing = 0;
		};
/* End PBXFrameworksBuildPhase section */

/* Begin PBXGroup section */
		7C86B2061B7789CA00EA7CE3 = {
			isa = PBXGroup;
			children = (
				7C86B2121B7789CA00EA7CE3 /* RxMoya */,
				7C86B21F1B7789CA00EA7CE3 /* RxMoyaTests */,
				7C86B2111B7789CA00EA7CE3 /* Products */,
			);
			sourceTree = "<group>";
		};
		7C86B2111B7789CA00EA7CE3 /* Products */ = {
			isa = PBXGroup;
			children = (
				7C86B2101B7789CA00EA7CE3 /* Moya.framework */,
				7C86B21B1B7789CA00EA7CE3 /* RxMoyaTests.xctest */,
			);
			name = Products;
			sourceTree = "<group>";
		};
		7C86B2121B7789CA00EA7CE3 /* RxMoya */ = {
			isa = PBXGroup;
			children = (
				7C86B2151B7789CA00EA7CE3 /* RxMoya.h */,
				7C86B2511B778CD100EA7CE3 /* Moya+RxSwift.swift */,
				7C86B2531B778CD400EA7CE3 /* Frameworks */,
				7C86B2131B7789CA00EA7CE3 /* Supporting Files */,
			);
			path = RxMoya;
			sourceTree = "<group>";
		};
		7C86B2131B7789CA00EA7CE3 /* Supporting Files */ = {
			isa = PBXGroup;
			children = (
				7C86B2141B7789CA00EA7CE3 /* Info.plist */,
			);
			name = "Supporting Files";
			sourceTree = "<group>";
		};
		7C86B21F1B7789CA00EA7CE3 /* RxMoyaTests */ = {
			isa = PBXGroup;
			children = (
				7C86B2221B7789CA00EA7CE3 /* RxMoyaTests.swift */,
				7C86B2201B7789CA00EA7CE3 /* Supporting Files */,
			);
			path = RxMoyaTests;
			sourceTree = "<group>";
		};
		7C86B2201B7789CA00EA7CE3 /* Supporting Files */ = {
			isa = PBXGroup;
			children = (
				7C86B2211B7789CA00EA7CE3 /* Info.plist */,
			);
			name = "Supporting Files";
			sourceTree = "<group>";
		};
		7C86B2531B778CD400EA7CE3 /* Frameworks */ = {
			isa = PBXGroup;
			children = (
				7C86B25B1B778DC800EA7CE3 /* Alamofire.framework */,
				7C86B25C1B778DC800EA7CE3 /* RxSwift.framework */,
				7C86B2541B778CDC00EA7CE3 /* Moya */,
			);
			name = Frameworks;
			sourceTree = "<group>";
		};
		7C86B2541B778CDC00EA7CE3 /* Moya */ = {
			isa = PBXGroup;
			children = (
				7C86B2551B778CE800EA7CE3 /* Endpoint.swift */,
				7C86B2561B778CE800EA7CE3 /* Moya.swift */,
				7C86B2571B778CE800EA7CE3 /* MoyaResponse.swift */,
			);
			name = Moya;
			sourceTree = "<group>";
		};
/* End PBXGroup section */

/* Begin PBXHeadersBuildPhase section */
		7C86B20D1B7789CA00EA7CE3 /* Headers */ = {
			isa = PBXHeadersBuildPhase;
			buildActionMask = 2147483647;
			files = (
				7C86B2161B7789CA00EA7CE3 /* RxMoya.h in Headers */,
			);
			runOnlyForDeploymentPostprocessing = 0;
		};
/* End PBXHeadersBuildPhase section */

/* Begin PBXNativeTarget section */
		7C86B20F1B7789CA00EA7CE3 /* RxMoya */ = {
			isa = PBXNativeTarget;
			buildConfigurationList = 7C86B2261B7789CA00EA7CE3 /* Build configuration list for PBXNativeTarget "RxMoya" */;
			buildPhases = (
				7C86B20B1B7789CA00EA7CE3 /* Sources */,
				7C86B20C1B7789CA00EA7CE3 /* Frameworks */,
				7C86B20D1B7789CA00EA7CE3 /* Headers */,
				7C86B20E1B7789CA00EA7CE3 /* Resources */,
			);
			buildRules = (
			);
			dependencies = (
			);
			name = RxMoya;
			productName = RxMoya;
			productReference = 7C86B2101B7789CA00EA7CE3 /* Moya.framework */;
			productType = "com.apple.product-type.framework";
		};
		7C86B21A1B7789CA00EA7CE3 /* RxMoyaTests */ = {
			isa = PBXNativeTarget;
			buildConfigurationList = 7C86B2291B7789CA00EA7CE3 /* Build configuration list for PBXNativeTarget "RxMoyaTests" */;
			buildPhases = (
				7C86B2171B7789CA00EA7CE3 /* Sources */,
				7C86B2181B7789CA00EA7CE3 /* Frameworks */,
				7C86B2191B7789CA00EA7CE3 /* Resources */,
			);
			buildRules = (
			);
			dependencies = (
				7C86B21E1B7789CA00EA7CE3 /* PBXTargetDependency */,
			);
			name = RxMoyaTests;
			productName = RxMoyaTests;
			productReference = 7C86B21B1B7789CA00EA7CE3 /* RxMoyaTests.xctest */;
			productType = "com.apple.product-type.bundle.unit-test";
		};
/* End PBXNativeTarget section */

/* Begin PBXProject section */
		7C86B2071B7789CA00EA7CE3 /* Project object */ = {
			isa = PBXProject;
			attributes = {
				LastUpgradeCheck = 0640;
				ORGANIZATIONNAME = Moya;
				TargetAttributes = {
					7C86B20F1B7789CA00EA7CE3 = {
						CreatedOnToolsVersion = 6.4;
					};
					7C86B21A1B7789CA00EA7CE3 = {
						CreatedOnToolsVersion = 6.4;
					};
				};
			};
			buildConfigurationList = 7C86B20A1B7789CA00EA7CE3 /* Build configuration list for PBXProject "RxMoya" */;
			compatibilityVersion = "Xcode 3.2";
			developmentRegion = English;
			hasScannedForEncodings = 0;
			knownRegions = (
				en,
			);
			mainGroup = 7C86B2061B7789CA00EA7CE3;
			productRefGroup = 7C86B2111B7789CA00EA7CE3 /* Products */;
			projectDirPath = "";
			projectRoot = "";
			targets = (
				7C86B20F1B7789CA00EA7CE3 /* RxMoya */,
				7C86B21A1B7789CA00EA7CE3 /* RxMoyaTests */,
			);
		};
/* End PBXProject section */

/* Begin PBXResourcesBuildPhase section */
		7C86B20E1B7789CA00EA7CE3 /* Resources */ = {
			isa = PBXResourcesBuildPhase;
			buildActionMask = 2147483647;
			files = (
			);
			runOnlyForDeploymentPostprocessing = 0;
		};
		7C86B2191B7789CA00EA7CE3 /* Resources */ = {
			isa = PBXResourcesBuildPhase;
			buildActionMask = 2147483647;
			files = (
			);
			runOnlyForDeploymentPostprocessing = 0;
		};
/* End PBXResourcesBuildPhase section */

/* Begin PBXSourcesBuildPhase section */
		7C86B20B1B7789CA00EA7CE3 /* Sources */ = {
			isa = PBXSourcesBuildPhase;
			buildActionMask = 2147483647;
			files = (
				7C86B2581B778CE800EA7CE3 /* Endpoint.swift in Sources */,
				7C86B2591B778CE800EA7CE3 /* Moya.swift in Sources */,
				7C86B25A1B778CE800EA7CE3 /* MoyaResponse.swift in Sources */,
				7C86B2521B778CD200EA7CE3 /* Moya+RxSwift.swift in Sources */,
			);
			runOnlyForDeploymentPostprocessing = 0;
		};
		7C86B2171B7789CA00EA7CE3 /* Sources */ = {
			isa = PBXSourcesBuildPhase;
			buildActionMask = 2147483647;
			files = (
				7C86B2231B7789CA00EA7CE3 /* RxMoyaTests.swift in Sources */,
			);
			runOnlyForDeploymentPostprocessing = 0;
		};
/* End PBXSourcesBuildPhase section */

/* Begin PBXTargetDependency section */
		7C86B21E1B7789CA00EA7CE3 /* PBXTargetDependency */ = {
			isa = PBXTargetDependency;
			target = 7C86B20F1B7789CA00EA7CE3 /* RxMoya */;
			targetProxy = 7C86B21D1B7789CA00EA7CE3 /* PBXContainerItemProxy */;
		};
/* End PBXTargetDependency section */

/* Begin XCBuildConfiguration section */
		7C86B2241B7789CA00EA7CE3 /* Debug */ = {
			isa = XCBuildConfiguration;
			buildSettings = {
				ALWAYS_SEARCH_USER_PATHS = NO;
				CLANG_CXX_LANGUAGE_STANDARD = "gnu++0x";
				CLANG_CXX_LIBRARY = "libc++";
				CLANG_ENABLE_MODULES = YES;
				CLANG_ENABLE_OBJC_ARC = YES;
				CLANG_WARN_BOOL_CONVERSION = YES;
				CLANG_WARN_CONSTANT_CONVERSION = YES;
				CLANG_WARN_DIRECT_OBJC_ISA_USAGE = YES_ERROR;
				CLANG_WARN_EMPTY_BODY = YES;
				CLANG_WARN_ENUM_CONVERSION = YES;
				CLANG_WARN_INT_CONVERSION = YES;
				CLANG_WARN_OBJC_ROOT_CLASS = YES_ERROR;
				CLANG_WARN_UNREACHABLE_CODE = YES;
				CLANG_WARN__DUPLICATE_METHOD_MATCH = YES;
				"CODE_SIGN_IDENTITY[sdk=iphoneos*]" = "iPhone Developer";
				COPY_PHASE_STRIP = NO;
				CURRENT_PROJECT_VERSION = 1;
				DEBUG_INFORMATION_FORMAT = "dwarf-with-dsym";
				ENABLE_STRICT_OBJC_MSGSEND = YES;
				GCC_C_LANGUAGE_STANDARD = gnu99;
				GCC_DYNAMIC_NO_PIC = NO;
				GCC_NO_COMMON_BLOCKS = YES;
				GCC_OPTIMIZATION_LEVEL = 0;
				GCC_PREPROCESSOR_DEFINITIONS = (
					"DEBUG=1",
					"$(inherited)",
				);
				GCC_SYMBOLS_PRIVATE_EXTERN = NO;
				GCC_WARN_64_TO_32_BIT_CONVERSION = YES;
				GCC_WARN_ABOUT_RETURN_TYPE = YES_ERROR;
				GCC_WARN_UNDECLARED_SELECTOR = YES;
				GCC_WARN_UNINITIALIZED_AUTOS = YES_AGGRESSIVE;
				GCC_WARN_UNUSED_FUNCTION = YES;
				GCC_WARN_UNUSED_VARIABLE = YES;
				IPHONEOS_DEPLOYMENT_TARGET = 8.4;
				MTL_ENABLE_DEBUG_INFO = YES;
				ONLY_ACTIVE_ARCH = YES;
				SDKROOT = iphoneos;
				SWIFT_OPTIMIZATION_LEVEL = "-Onone";
				TARGETED_DEVICE_FAMILY = "1,2";
				VERSIONING_SYSTEM = "apple-generic";
				VERSION_INFO_PREFIX = "";
			};
			name = Debug;
		};
		7C86B2251B7789CA00EA7CE3 /* Release */ = {
			isa = XCBuildConfiguration;
			buildSettings = {
				ALWAYS_SEARCH_USER_PATHS = NO;
				CLANG_CXX_LANGUAGE_STANDARD = "gnu++0x";
				CLANG_CXX_LIBRARY = "libc++";
				CLANG_ENABLE_MODULES = YES;
				CLANG_ENABLE_OBJC_ARC = YES;
				CLANG_WARN_BOOL_CONVERSION = YES;
				CLANG_WARN_CONSTANT_CONVERSION = YES;
				CLANG_WARN_DIRECT_OBJC_ISA_USAGE = YES_ERROR;
				CLANG_WARN_EMPTY_BODY = YES;
				CLANG_WARN_ENUM_CONVERSION = YES;
				CLANG_WARN_INT_CONVERSION = YES;
				CLANG_WARN_OBJC_ROOT_CLASS = YES_ERROR;
				CLANG_WARN_UNREACHABLE_CODE = YES;
				CLANG_WARN__DUPLICATE_METHOD_MATCH = YES;
				"CODE_SIGN_IDENTITY[sdk=iphoneos*]" = "iPhone Developer";
				COPY_PHASE_STRIP = NO;
				CURRENT_PROJECT_VERSION = 1;
				DEBUG_INFORMATION_FORMAT = "dwarf-with-dsym";
				ENABLE_NS_ASSERTIONS = NO;
				ENABLE_STRICT_OBJC_MSGSEND = YES;
				GCC_C_LANGUAGE_STANDARD = gnu99;
				GCC_NO_COMMON_BLOCKS = YES;
				GCC_WARN_64_TO_32_BIT_CONVERSION = YES;
				GCC_WARN_ABOUT_RETURN_TYPE = YES_ERROR;
				GCC_WARN_UNDECLARED_SELECTOR = YES;
				GCC_WARN_UNINITIALIZED_AUTOS = YES_AGGRESSIVE;
				GCC_WARN_UNUSED_FUNCTION = YES;
				GCC_WARN_UNUSED_VARIABLE = YES;
				IPHONEOS_DEPLOYMENT_TARGET = 8.4;
				MTL_ENABLE_DEBUG_INFO = NO;
				SDKROOT = iphoneos;
				TARGETED_DEVICE_FAMILY = "1,2";
				VALIDATE_PRODUCT = YES;
				VERSIONING_SYSTEM = "apple-generic";
				VERSION_INFO_PREFIX = "";
			};
			name = Release;
		};
		7C86B2271B7789CA00EA7CE3 /* Debug */ = {
			isa = XCBuildConfiguration;
			buildSettings = {
				DEFINES_MODULE = YES;
				DYLIB_COMPATIBILITY_VERSION = 1;
				DYLIB_CURRENT_VERSION = 1;
				DYLIB_INSTALL_NAME_BASE = "@rpath";
				FRAMEWORK_SEARCH_PATHS = (
					"$(inherited)",
					"$(PROJECT_DIR)/Carthage/Build/iOS",
				);
				INFOPLIST_FILE = RxMoya/Info.plist;
				INSTALL_PATH = "$(LOCAL_LIBRARY_DIR)/Frameworks";
				LD_RUNPATH_SEARCH_PATHS = "$(inherited) @executable_path/Frameworks @loader_path/Frameworks";
				PRODUCT_NAME = Moya;
				SKIP_INSTALL = YES;
			};
			name = Debug;
		};
		7C86B2281B7789CA00EA7CE3 /* Release */ = {
			isa = XCBuildConfiguration;
			buildSettings = {
				DEFINES_MODULE = YES;
				DYLIB_COMPATIBILITY_VERSION = 1;
				DYLIB_CURRENT_VERSION = 1;
				DYLIB_INSTALL_NAME_BASE = "@rpath";
				FRAMEWORK_SEARCH_PATHS = (
					"$(inherited)",
					"$(PROJECT_DIR)/Carthage/Build/iOS",
				);
				INFOPLIST_FILE = RxMoya/Info.plist;
				INSTALL_PATH = "$(LOCAL_LIBRARY_DIR)/Frameworks";
				LD_RUNPATH_SEARCH_PATHS = "$(inherited) @executable_path/Frameworks @loader_path/Frameworks";
				PRODUCT_NAME = Moya;
				SKIP_INSTALL = YES;
			};
			name = Release;
		};
		7C86B22A1B7789CA00EA7CE3 /* Debug */ = {
			isa = XCBuildConfiguration;
			buildSettings = {
				FRAMEWORK_SEARCH_PATHS = (
					"$(SDKROOT)/Developer/Library/Frameworks",
					"$(inherited)",
				);
				GCC_PREPROCESSOR_DEFINITIONS = (
					"DEBUG=1",
					"$(inherited)",
				);
				INFOPLIST_FILE = RxMoyaTests/Info.plist;
				LD_RUNPATH_SEARCH_PATHS = "$(inherited) @executable_path/Frameworks @loader_path/Frameworks";
				PRODUCT_NAME = "$(TARGET_NAME)";
			};
			name = Debug;
		};
		7C86B22B1B7789CA00EA7CE3 /* Release */ = {
			isa = XCBuildConfiguration;
			buildSettings = {
				FRAMEWORK_SEARCH_PATHS = (
					"$(SDKROOT)/Developer/Library/Frameworks",
					"$(inherited)",
				);
				INFOPLIST_FILE = RxMoyaTests/Info.plist;
				LD_RUNPATH_SEARCH_PATHS = "$(inherited) @executable_path/Frameworks @loader_path/Frameworks";
				PRODUCT_NAME = "$(TARGET_NAME)";
			};
			name = Release;
		};
/* End XCBuildConfiguration section */

/* Begin XCConfigurationList section */
		7C86B20A1B7789CA00EA7CE3 /* Build configuration list for PBXProject "RxMoya" */ = {
			isa = XCConfigurationList;
			buildConfigurations = (
				7C86B2241B7789CA00EA7CE3 /* Debug */,
				7C86B2251B7789CA00EA7CE3 /* Release */,
			);
			defaultConfigurationIsVisible = 0;
			defaultConfigurationName = Release;
		};
		7C86B2261B7789CA00EA7CE3 /* Build configuration list for PBXNativeTarget "RxMoya" */ = {
			isa = XCConfigurationList;
			buildConfigurations = (
				7C86B2271B7789CA00EA7CE3 /* Debug */,
				7C86B2281B7789CA00EA7CE3 /* Release */,
			);
			defaultConfigurationIsVisible = 0;
		};
		7C86B2291B7789CA00EA7CE3 /* Build configuration list for PBXNativeTarget "RxMoyaTests" */ = {
			isa = XCConfigurationList;
			buildConfigurations = (
				7C86B22A1B7789CA00EA7CE3 /* Debug */,
				7C86B22B1B7789CA00EA7CE3 /* Release */,
			);
			defaultConfigurationIsVisible = 0;
		};
/* End XCConfigurationList section */
	};
	rootObject = 7C86B2071B7789CA00EA7CE3 /* Project object */;
}
