// !$*UTF8*$!
{
	archiveVersion = 1;
	classes = {
	};
	objectVersion = 46;
	objects = {

/* Begin PBXBuildFile section */
		7C0BD4A61B7AE5F3002E5F64 /* Alamofire.framework in Frameworks */ = {isa = PBXBuildFile; fileRef = 7C0BD4A41B7AE5F3002E5F64 /* Alamofire.framework */; };
		7C0BD4A71B7AE5F3002E5F64 /* RxSwift.framework in Frameworks */ = {isa = PBXBuildFile; fileRef = 7C0BD4A51B7AE5F3002E5F64 /* RxSwift.framework */; };
		7C0BD4A81B7AE616002E5F64 /* Alamofire.framework in CopyFiles */ = {isa = PBXBuildFile; fileRef = 7C0BD4A41B7AE5F3002E5F64 /* Alamofire.framework */; settings = {ATTRIBUTES = (CodeSignOnCopy, RemoveHeadersOnCopy, ); }; };
		7C0BD4A91B7AE616002E5F64 /* RxSwift.framework in CopyFiles */ = {isa = PBXBuildFile; fileRef = 7C0BD4A51B7AE5F3002E5F64 /* RxSwift.framework */; settings = {ATTRIBUTES = (CodeSignOnCopy, RemoveHeadersOnCopy, ); }; };
		7C0BD4AC1B7AE61E002E5F64 /* Moya.framework in Frameworks */ = {isa = PBXBuildFile; fileRef = 7C0BD4A11B7AE5E4002E5F64 /* Moya.framework */; };
		7C5567F31B77AFD000988C03 /* AppDelegate.swift in Sources */ = {isa = PBXBuildFile; fileRef = 7C5567F21B77AFD000988C03 /* AppDelegate.swift */; };
		7C5567F51B77AFD000988C03 /* RxMoyaViewController.swift in Sources */ = {isa = PBXBuildFile; fileRef = 7C5567F41B77AFD000988C03 /* RxMoyaViewController.swift */; };
		7C5567F81B77AFD000988C03 /* Main.storyboard in Resources */ = {isa = PBXBuildFile; fileRef = 7C5567F61B77AFD000988C03 /* Main.storyboard */; };
		7C5567FA1B77AFD000988C03 /* Images.xcassets in Resources */ = {isa = PBXBuildFile; fileRef = 7C5567F91B77AFD000988C03 /* Images.xcassets */; };
		7C5567FD1B77AFD000988C03 /* LaunchScreen.xib in Resources */ = {isa = PBXBuildFile; fileRef = 7C5567FB1B77AFD000988C03 /* LaunchScreen.xib */; };
		7C5568091B77AFD000988C03 /* RxMoyaExampleTests.swift in Sources */ = {isa = PBXBuildFile; fileRef = 7C5568081B77AFD000988C03 /* RxMoyaExampleTests.swift */; };
		7C55681C1B77B02000988C03 /* Github.swift in Sources */ = {isa = PBXBuildFile; fileRef = 7C55681B1B77B02000988C03 /* Github.swift */; };
		7C55681E1B77B07000988C03 /* UIViewControllerExtensions.swift in Sources */ = {isa = PBXBuildFile; fileRef = 7C55681D1B77B07000988C03 /* UIViewControllerExtensions.swift */; };
/* End PBXBuildFile section */

/* Begin PBXContainerItemProxy section */
		7C0BD4A01B7AE5E4002E5F64 /* PBXContainerItemProxy */ = {
			isa = PBXContainerItemProxy;
			containerPortal = 7C0BD49B1B7AE5E4002E5F64 /* RxMoya.xcodeproj */;
			proxyType = 2;
			remoteGlobalIDString = 7C86B2101B7789CA00EA7CE3;
			remoteInfo = RxMoya;
		};
		7C0BD4A21B7AE5E4002E5F64 /* PBXContainerItemProxy */ = {
			isa = PBXContainerItemProxy;
			containerPortal = 7C0BD49B1B7AE5E4002E5F64 /* RxMoya.xcodeproj */;
			proxyType = 2;
			remoteGlobalIDString = 7C86B21B1B7789CA00EA7CE3;
			remoteInfo = RxMoyaTests;
		};
		7C0BD4AA1B7AE61B002E5F64 /* PBXContainerItemProxy */ = {
			isa = PBXContainerItemProxy;
			containerPortal = 7C0BD49B1B7AE5E4002E5F64 /* RxMoya.xcodeproj */;
			proxyType = 1;
			remoteGlobalIDString = 7C86B20F1B7789CA00EA7CE3;
			remoteInfo = RxMoya;
		};
		7C5568031B77AFD000988C03 /* PBXContainerItemProxy */ = {
			isa = PBXContainerItemProxy;
			containerPortal = 7C5567E51B77AFD000988C03 /* Project object */;
			proxyType = 1;
			remoteGlobalIDString = 7C5567EC1B77AFD000988C03;
			remoteInfo = RxMoyaExample;
		};
/* End PBXContainerItemProxy section */

/* Begin PBXCopyFilesBuildPhase section */
		7C55681F1B77B14000988C03 /* CopyFiles */ = {
			isa = PBXCopyFilesBuildPhase;
			buildActionMask = 2147483647;
			dstPath = "";
			dstSubfolderSpec = 10;
			files = (
				7C0BD4A81B7AE616002E5F64 /* Alamofire.framework in CopyFiles */,
				7C0BD4A91B7AE616002E5F64 /* RxSwift.framework in CopyFiles */,
			);
			runOnlyForDeploymentPostprocessing = 0;
		};
/* End PBXCopyFilesBuildPhase section */

/* Begin PBXFileReference section */
		7C0BD49B1B7AE5E4002E5F64 /* RxMoya.xcodeproj */ = {isa = PBXFileReference; lastKnownFileType = "wrapper.pb-project"; name = RxMoya.xcodeproj; path = ../RxMoya.xcodeproj; sourceTree = "<group>"; };
		7C0BD4A41B7AE5F3002E5F64 /* Alamofire.framework */ = {isa = PBXFileReference; lastKnownFileType = wrapper.framework; name = Alamofire.framework; path = ../Carthage/Build/iOS/Alamofire.framework; sourceTree = "<group>"; };
		7C0BD4A51B7AE5F3002E5F64 /* RxSwift.framework */ = {isa = PBXFileReference; lastKnownFileType = wrapper.framework; name = RxSwift.framework; path = ../Carthage/Build/iOS/RxSwift.framework; sourceTree = "<group>"; };
		7C5567ED1B77AFD000988C03 /* RxMoyaExample.app */ = {isa = PBXFileReference; explicitFileType = wrapper.application; includeInIndex = 0; path = RxMoyaExample.app; sourceTree = BUILT_PRODUCTS_DIR; };
		7C5567F11B77AFD000988C03 /* Info.plist */ = {isa = PBXFileReference; lastKnownFileType = text.plist.xml; path = Info.plist; sourceTree = "<group>"; };
		7C5567F21B77AFD000988C03 /* AppDelegate.swift */ = {isa = PBXFileReference; lastKnownFileType = sourcecode.swift; path = AppDelegate.swift; sourceTree = "<group>"; };
		7C5567F41B77AFD000988C03 /* RxMoyaViewController.swift */ = {isa = PBXFileReference; lastKnownFileType = sourcecode.swift; path = RxMoyaViewController.swift; sourceTree = "<group>"; };
		7C5567F71B77AFD000988C03 /* Base */ = {isa = PBXFileReference; lastKnownFileType = file.storyboard; name = Base; path = Base.lproj/Main.storyboard; sourceTree = "<group>"; };
		7C5567F91B77AFD000988C03 /* Images.xcassets */ = {isa = PBXFileReference; lastKnownFileType = folder.assetcatalog; path = Images.xcassets; sourceTree = "<group>"; };
		7C5567FC1B77AFD000988C03 /* Base */ = {isa = PBXFileReference; lastKnownFileType = file.xib; name = Base; path = Base.lproj/LaunchScreen.xib; sourceTree = "<group>"; };
		7C5568021B77AFD000988C03 /* RxMoyaExampleTests.xctest */ = {isa = PBXFileReference; explicitFileType = wrapper.cfbundle; includeInIndex = 0; path = RxMoyaExampleTests.xctest; sourceTree = BUILT_PRODUCTS_DIR; };
		7C5568071B77AFD000988C03 /* Info.plist */ = {isa = PBXFileReference; lastKnownFileType = text.plist.xml; path = Info.plist; sourceTree = "<group>"; };
		7C5568081B77AFD000988C03 /* RxMoyaExampleTests.swift */ = {isa = PBXFileReference; lastKnownFileType = sourcecode.swift; path = RxMoyaExampleTests.swift; sourceTree = "<group>"; };
		7C55681B1B77B02000988C03 /* Github.swift */ = {isa = PBXFileReference; fileEncoding = 4; lastKnownFileType = sourcecode.swift; path = Github.swift; sourceTree = "<group>"; };
		7C55681D1B77B07000988C03 /* UIViewControllerExtensions.swift */ = {isa = PBXFileReference; fileEncoding = 4; lastKnownFileType = sourcecode.swift; path = UIViewControllerExtensions.swift; sourceTree = "<group>"; };
/* End PBXFileReference section */

/* Begin PBXFrameworksBuildPhase section */
		7C5567EA1B77AFD000988C03 /* Frameworks */ = {
			isa = PBXFrameworksBuildPhase;
			buildActionMask = 2147483647;
			files = (
				7C0BD4AC1B7AE61E002E5F64 /* Moya.framework in Frameworks */,
				7C0BD4A71B7AE5F3002E5F64 /* RxSwift.framework in Frameworks */,
				7C0BD4A61B7AE5F3002E5F64 /* Alamofire.framework in Frameworks */,
			);
			runOnlyForDeploymentPostprocessing = 0;
		};
		7C5567FF1B77AFD000988C03 /* Frameworks */ = {
			isa = PBXFrameworksBuildPhase;
			buildActionMask = 2147483647;
			files = (
			);
			runOnlyForDeploymentPostprocessing = 0;
		};
/* End PBXFrameworksBuildPhase section */

/* Begin PBXGroup section */
		7C0BD49A1B7AE5C7002E5F64 /* Frameworks */ = {
			isa = PBXGroup;
			children = (
				7C0BD4A41B7AE5F3002E5F64 /* Alamofire.framework */,
				7C0BD4A51B7AE5F3002E5F64 /* RxSwift.framework */,
				7C0BD49B1B7AE5E4002E5F64 /* RxMoya.xcodeproj */,
			);
			name = Frameworks;
			path = ..;
			sourceTree = "<group>";
		};
		7C0BD49C1B7AE5E4002E5F64 /* Products */ = {
			isa = PBXGroup;
			children = (
				7C0BD4A11B7AE5E4002E5F64 /* Moya.framework */,
				7C0BD4A31B7AE5E4002E5F64 /* RxMoyaTests.xctest */,
			);
			name = Products;
			sourceTree = "<group>";
		};
		7C5567E41B77AFD000988C03 = {
			isa = PBXGroup;
			children = (
				7C5567EF1B77AFD000988C03 /* RxMoyaExample */,
				7C5568051B77AFD000988C03 /* RxMoyaExampleTests */,
				7C5567EE1B77AFD000988C03 /* Products */,
			);
			sourceTree = "<group>";
		};
		7C5567EE1B77AFD000988C03 /* Products */ = {
			isa = PBXGroup;
			children = (
				7C5567ED1B77AFD000988C03 /* RxMoyaExample.app */,
				7C5568021B77AFD000988C03 /* RxMoyaExampleTests.xctest */,
			);
			name = Products;
			sourceTree = "<group>";
		};
		7C5567EF1B77AFD000988C03 /* RxMoyaExample */ = {
			isa = PBXGroup;
			children = (
				7C5567F21B77AFD000988C03 /* AppDelegate.swift */,
				7C55681D1B77B07000988C03 /* UIViewControllerExtensions.swift */,
				7C5567F41B77AFD000988C03 /* RxMoyaViewController.swift */,
				7C55681B1B77B02000988C03 /* Github.swift */,
				7C5567F61B77AFD000988C03 /* Main.storyboard */,
				7C5567F91B77AFD000988C03 /* Images.xcassets */,
				7C5567FB1B77AFD000988C03 /* LaunchScreen.xib */,
				7C0BD49A1B7AE5C7002E5F64 /* Frameworks */,
				7C5567F01B77AFD000988C03 /* Supporting Files */,
			);
			path = RxMoyaExample;
			sourceTree = "<group>";
		};
		7C5567F01B77AFD000988C03 /* Supporting Files */ = {
			isa = PBXGroup;
			children = (
				7C5567F11B77AFD000988C03 /* Info.plist */,
			);
			name = "Supporting Files";
			sourceTree = "<group>";
		};
		7C5568051B77AFD000988C03 /* RxMoyaExampleTests */ = {
			isa = PBXGroup;
			children = (
				7C5568081B77AFD000988C03 /* RxMoyaExampleTests.swift */,
				7C5568061B77AFD000988C03 /* Supporting Files */,
			);
			path = RxMoyaExampleTests;
			sourceTree = "<group>";
		};
		7C5568061B77AFD000988C03 /* Supporting Files */ = {
			isa = PBXGroup;
			children = (
				7C5568071B77AFD000988C03 /* Info.plist */,
			);
			name = "Supporting Files";
			sourceTree = "<group>";
		};
/* End PBXGroup section */

/* Begin PBXNativeTarget section */
		7C5567EC1B77AFD000988C03 /* RxMoyaExample */ = {
			isa = PBXNativeTarget;
			buildConfigurationList = 7C55680C1B77AFD000988C03 /* Build configuration list for PBXNativeTarget "RxMoyaExample" */;
			buildPhases = (
				7C5567E91B77AFD000988C03 /* Sources */,
				7C5567EA1B77AFD000988C03 /* Frameworks */,
				7C5567EB1B77AFD000988C03 /* Resources */,
				7C55681F1B77B14000988C03 /* CopyFiles */,
			);
			buildRules = (
			);
			dependencies = (
				7C0BD4AB1B7AE61B002E5F64 /* PBXTargetDependency */,
			);
			name = RxMoyaExample;
			productName = RxMoyaExample;
			productReference = 7C5567ED1B77AFD000988C03 /* RxMoyaExample.app */;
			productType = "com.apple.product-type.application";
		};
		7C5568011B77AFD000988C03 /* RxMoyaExampleTests */ = {
			isa = PBXNativeTarget;
			buildConfigurationList = 7C55680F1B77AFD000988C03 /* Build configuration list for PBXNativeTarget "RxMoyaExampleTests" */;
			buildPhases = (
				7C5567FE1B77AFD000988C03 /* Sources */,
				7C5567FF1B77AFD000988C03 /* Frameworks */,
				7C5568001B77AFD000988C03 /* Resources */,
			);
			buildRules = (
			);
			dependencies = (
				7C5568041B77AFD000988C03 /* PBXTargetDependency */,
			);
			name = RxMoyaExampleTests;
			productName = RxMoyaExampleTests;
			productReference = 7C5568021B77AFD000988C03 /* RxMoyaExampleTests.xctest */;
			productType = "com.apple.product-type.bundle.unit-test";
		};
/* End PBXNativeTarget section */

/* Begin PBXProject section */
		7C5567E51B77AFD000988C03 /* Project object */ = {
			isa = PBXProject;
			attributes = {
				LastUpgradeCheck = 0640;
				ORGANIZATIONNAME = Moya;
				TargetAttributes = {
					7C5567EC1B77AFD000988C03 = {
						CreatedOnToolsVersion = 6.4;
					};
					7C5568011B77AFD000988C03 = {
						CreatedOnToolsVersion = 6.4;
						TestTargetID = 7C5567EC1B77AFD000988C03;
					};
				};
			};
			buildConfigurationList = 7C5567E81B77AFD000988C03 /* Build configuration list for PBXProject "RxMoyaExample" */;
			compatibilityVersion = "Xcode 3.2";
			developmentRegion = English;
			hasScannedForEncodings = 0;
			knownRegions = (
				en,
				Base,
			);
			mainGroup = 7C5567E41B77AFD000988C03;
			productRefGroup = 7C5567EE1B77AFD000988C03 /* Products */;
			projectDirPath = "";
			projectReferences = (
				{
					ProductGroup = 7C0BD49C1B7AE5E4002E5F64 /* Products */;
					ProjectRef = 7C0BD49B1B7AE5E4002E5F64 /* RxMoya.xcodeproj */;
				},
			);
			projectRoot = "";
			targets = (
				7C5567EC1B77AFD000988C03 /* RxMoyaExample */,
				7C5568011B77AFD000988C03 /* RxMoyaExampleTests */,
			);
		};
/* End PBXProject section */

/* Begin PBXReferenceProxy section */
		7C0BD4A11B7AE5E4002E5F64 /* Moya.framework */ = {
			isa = PBXReferenceProxy;
			fileType = wrapper.framework;
			path = Moya.framework;
			remoteRef = 7C0BD4A01B7AE5E4002E5F64 /* PBXContainerItemProxy */;
			sourceTree = BUILT_PRODUCTS_DIR;
		};
		7C0BD4A31B7AE5E4002E5F64 /* RxMoyaTests.xctest */ = {
			isa = PBXReferenceProxy;
			fileType = wrapper.cfbundle;
			path = RxMoyaTests.xctest;
			remoteRef = 7C0BD4A21B7AE5E4002E5F64 /* PBXContainerItemProxy */;
			sourceTree = BUILT_PRODUCTS_DIR;
		};
/* End PBXReferenceProxy section */

/* Begin PBXResourcesBuildPhase section */
		7C5567EB1B77AFD000988C03 /* Resources */ = {
			isa = PBXResourcesBuildPhase;
			buildActionMask = 2147483647;
			files = (
				7C5567F81B77AFD000988C03 /* Main.storyboard in Resources */,
				7C5567FD1B77AFD000988C03 /* LaunchScreen.xib in Resources */,
				7C5567FA1B77AFD000988C03 /* Images.xcassets in Resources */,
			);
			runOnlyForDeploymentPostprocessing = 0;
		};
		7C5568001B77AFD000988C03 /* Resources */ = {
			isa = PBXResourcesBuildPhase;
			buildActionMask = 2147483647;
			files = (
			);
			runOnlyForDeploymentPostprocessing = 0;
		};
/* End PBXResourcesBuildPhase section */

/* Begin PBXSourcesBuildPhase section */
		7C5567E91B77AFD000988C03 /* Sources */ = {
			isa = PBXSourcesBuildPhase;
			buildActionMask = 2147483647;
			files = (
				7C55681E1B77B07000988C03 /* UIViewControllerExtensions.swift in Sources */,
				7C55681C1B77B02000988C03 /* Github.swift in Sources */,
				7C5567F51B77AFD000988C03 /* RxMoyaViewController.swift in Sources */,
				7C5567F31B77AFD000988C03 /* AppDelegate.swift in Sources */,
			);
			runOnlyForDeploymentPostprocessing = 0;
		};
		7C5567FE1B77AFD000988C03 /* Sources */ = {
			isa = PBXSourcesBuildPhase;
			buildActionMask = 2147483647;
			files = (
				7C5568091B77AFD000988C03 /* RxMoyaExampleTests.swift in Sources */,
			);
			runOnlyForDeploymentPostprocessing = 0;
		};
/* End PBXSourcesBuildPhase section */

/* Begin PBXTargetDependency section */
		7C0BD4AB1B7AE61B002E5F64 /* PBXTargetDependency */ = {
			isa = PBXTargetDependency;
			name = RxMoya;
			targetProxy = 7C0BD4AA1B7AE61B002E5F64 /* PBXContainerItemProxy */;
		};
		7C5568041B77AFD000988C03 /* PBXTargetDependency */ = {
			isa = PBXTargetDependency;
			target = 7C5567EC1B77AFD000988C03 /* RxMoyaExample */;
			targetProxy = 7C5568031B77AFD000988C03 /* PBXContainerItemProxy */;
		};
/* End PBXTargetDependency section */

/* Begin PBXVariantGroup section */
		7C5567F61B77AFD000988C03 /* Main.storyboard */ = {
			isa = PBXVariantGroup;
			children = (
				7C5567F71B77AFD000988C03 /* Base */,
			);
			name = Main.storyboard;
			sourceTree = "<group>";
		};
		7C5567FB1B77AFD000988C03 /* LaunchScreen.xib */ = {
			isa = PBXVariantGroup;
			children = (
				7C5567FC1B77AFD000988C03 /* Base */,
			);
			name = LaunchScreen.xib;
			sourceTree = "<group>";
		};
/* End PBXVariantGroup section */

/* Begin XCBuildConfiguration section */
		7C55680A1B77AFD000988C03 /* Debug */ = {
			isa = XCBuildConfiguration;
			buildSettings = {
				ALWAYS_SEARCH_USER_PATHS = NO;
				CLANG_CXX_LANGUAGE_STANDARD = "gnu++0x";
				CLANG_CXX_LIBRARY = "libc++";
				CLANG_ENABLE_MODULES = YES;
				CLANG_ENABLE_OBJC_ARC = YES;
				CLANG_WARN_BOOL_CONVERSION = YES;
				CLANG_WARN_CONSTANT_CONVERSION = YES;
				CLANG_WARN_DIRECT_OBJC_ISA_USAGE = YES_ERROR;
				CLANG_WARN_EMPTY_BODY = YES;
				CLANG_WARN_ENUM_CONVERSION = YES;
				CLANG_WARN_INT_CONVERSION = YES;
				CLANG_WARN_OBJC_ROOT_CLASS = YES_ERROR;
				CLANG_WARN_UNREACHABLE_CODE = YES;
				CLANG_WARN__DUPLICATE_METHOD_MATCH = YES;
				"CODE_SIGN_IDENTITY[sdk=iphoneos*]" = "iPhone Developer";
				COPY_PHASE_STRIP = NO;
				DEBUG_INFORMATION_FORMAT = "dwarf-with-dsym";
				ENABLE_STRICT_OBJC_MSGSEND = YES;
				GCC_C_LANGUAGE_STANDARD = gnu99;
				GCC_DYNAMIC_NO_PIC = NO;
				GCC_NO_COMMON_BLOCKS = YES;
				GCC_OPTIMIZATION_LEVEL = 0;
				GCC_PREPROCESSOR_DEFINITIONS = (
					"DEBUG=1",
					"$(inherited)",
				);
				GCC_SYMBOLS_PRIVATE_EXTERN = NO;
				GCC_WARN_64_TO_32_BIT_CONVERSION = YES;
				GCC_WARN_ABOUT_RETURN_TYPE = YES_ERROR;
				GCC_WARN_UNDECLARED_SELECTOR = YES;
				GCC_WARN_UNINITIALIZED_AUTOS = YES_AGGRESSIVE;
				GCC_WARN_UNUSED_FUNCTION = YES;
				GCC_WARN_UNUSED_VARIABLE = YES;
				IPHONEOS_DEPLOYMENT_TARGET = 8.4;
				MTL_ENABLE_DEBUG_INFO = YES;
				ONLY_ACTIVE_ARCH = YES;
				SDKROOT = iphoneos;
				SWIFT_OPTIMIZATION_LEVEL = "-Onone";
				TARGETED_DEVICE_FAMILY = "1,2";
			};
			name = Debug;
		};
		7C55680B1B77AFD000988C03 /* Release */ = {
			isa = XCBuildConfiguration;
			buildSettings = {
				ALWAYS_SEARCH_USER_PATHS = NO;
				CLANG_CXX_LANGUAGE_STANDARD = "gnu++0x";
				CLANG_CXX_LIBRARY = "libc++";
				CLANG_ENABLE_MODULES = YES;
				CLANG_ENABLE_OBJC_ARC = YES;
				CLANG_WARN_BOOL_CONVERSION = YES;
				CLANG_WARN_CONSTANT_CONVERSION = YES;
				CLANG_WARN_DIRECT_OBJC_ISA_USAGE = YES_ERROR;
				CLANG_WARN_EMPTY_BODY = YES;
				CLANG_WARN_ENUM_CONVERSION = YES;
				CLANG_WARN_INT_CONVERSION = YES;
				CLANG_WARN_OBJC_ROOT_CLASS = YES_ERROR;
				CLANG_WARN_UNREACHABLE_CODE = YES;
				CLANG_WARN__DUPLICATE_METHOD_MATCH = YES;
				"CODE_SIGN_IDENTITY[sdk=iphoneos*]" = "iPhone Developer";
				COPY_PHASE_STRIP = NO;
				DEBUG_INFORMATION_FORMAT = "dwarf-with-dsym";
				ENABLE_NS_ASSERTIONS = NO;
				ENABLE_STRICT_OBJC_MSGSEND = YES;
				GCC_C_LANGUAGE_STANDARD = gnu99;
				GCC_NO_COMMON_BLOCKS = YES;
				GCC_WARN_64_TO_32_BIT_CONVERSION = YES;
				GCC_WARN_ABOUT_RETURN_TYPE = YES_ERROR;
				GCC_WARN_UNDECLARED_SELECTOR = YES;
				GCC_WARN_UNINITIALIZED_AUTOS = YES_AGGRESSIVE;
				GCC_WARN_UNUSED_FUNCTION = YES;
				GCC_WARN_UNUSED_VARIABLE = YES;
				IPHONEOS_DEPLOYMENT_TARGET = 8.4;
				MTL_ENABLE_DEBUG_INFO = NO;
				SDKROOT = iphoneos;
				TARGETED_DEVICE_FAMILY = "1,2";
				VALIDATE_PRODUCT = YES;
			};
			name = Release;
		};
		7C55680D1B77AFD000988C03 /* Debug */ = {
			isa = XCBuildConfiguration;
			buildSettings = {
				ASSETCATALOG_COMPILER_APPICON_NAME = AppIcon;
				FRAMEWORK_SEARCH_PATHS = (
					"$(inherited)",
					"$(PROJECT_DIR)/../Carthage/Build/iOS",
				);
				INFOPLIST_FILE = RxMoyaExample/Info.plist;
				LD_RUNPATH_SEARCH_PATHS = "$(inherited) @executable_path/Frameworks";
				PRODUCT_NAME = "$(TARGET_NAME)";
			};
			name = Debug;
		};
		7C55680E1B77AFD000988C03 /* Release */ = {
			isa = XCBuildConfiguration;
			buildSettings = {
				ASSETCATALOG_COMPILER_APPICON_NAME = AppIcon;
				FRAMEWORK_SEARCH_PATHS = (
					"$(inherited)",
					"$(PROJECT_DIR)/../Carthage/Build/iOS",
				);
				INFOPLIST_FILE = RxMoyaExample/Info.plist;
				LD_RUNPATH_SEARCH_PATHS = "$(inherited) @executable_path/Frameworks";
				PRODUCT_NAME = "$(TARGET_NAME)";
			};
			name = Release;
		};
		7C5568101B77AFD000988C03 /* Debug */ = {
			isa = XCBuildConfiguration;
			buildSettings = {
				BUNDLE_LOADER = "$(TEST_HOST)";
				FRAMEWORK_SEARCH_PATHS = (
					"$(SDKROOT)/Developer/Library/Frameworks",
					"$(inherited)",
				);
				GCC_PREPROCESSOR_DEFINITIONS = (
					"DEBUG=1",
					"$(inherited)",
				);
				INFOPLIST_FILE = RxMoyaExampleTests/Info.plist;
				LD_RUNPATH_SEARCH_PATHS = "$(inherited) @executable_path/Frameworks @loader_path/Frameworks";
				PRODUCT_NAME = "$(TARGET_NAME)";
				TEST_HOST = "$(BUILT_PRODUCTS_DIR)/RxMoyaExample.app/RxMoyaExample";
			};
			name = Debug;
		};
		7C5568111B77AFD000988C03 /* Release */ = {
			isa = XCBuildConfiguration;
			buildSettings = {
				BUNDLE_LOADER = "$(TEST_HOST)";
				FRAMEWORK_SEARCH_PATHS = (
					"$(SDKROOT)/Developer/Library/Frameworks",
					"$(inherited)",
				);
				INFOPLIST_FILE = RxMoyaExampleTests/Info.plist;
				LD_RUNPATH_SEARCH_PATHS = "$(inherited) @executable_path/Frameworks @loader_path/Frameworks";
				PRODUCT_NAME = "$(TARGET_NAME)";
				TEST_HOST = "$(BUILT_PRODUCTS_DIR)/RxMoyaExample.app/RxMoyaExample";
			};
			name = Release;
		};
/* End XCBuildConfiguration section */

/* Begin XCConfigurationList section */
		7C5567E81B77AFD000988C03 /* Build configuration list for PBXProject "RxMoyaExample" */ = {
			isa = XCConfigurationList;
			buildConfigurations = (
				7C55680A1B77AFD000988C03 /* Debug */,
				7C55680B1B77AFD000988C03 /* Release */,
			);
			defaultConfigurationIsVisible = 0;
			defaultConfigurationName = Release;
		};
		7C55680C1B77AFD000988C03 /* Build configuration list for PBXNativeTarget "RxMoyaExample" */ = {
			isa = XCConfigurationList;
			buildConfigurations = (
				7C55680D1B77AFD000988C03 /* Debug */,
				7C55680E1B77AFD000988C03 /* Release */,
			);
			defaultConfigurationIsVisible = 0;
			defaultConfigurationName = Release;
		};
		7C55680F1B77AFD000988C03 /* Build configuration list for PBXNativeTarget "RxMoyaExampleTests" */ = {
			isa = XCConfigurationList;
			buildConfigurations = (
				7C5568101B77AFD000988C03 /* Debug */,
				7C5568111B77AFD000988C03 /* Release */,
			);
			defaultConfigurationIsVisible = 0;
			defaultConfigurationName = Release;
		};
/* End XCConfigurationList section */
	};
	rootObject = 7C5567E51B77AFD000988C03 /* Project object */;
}
